{
    "_meta": {
        "hash": {
            "sha256": "4bd1bceb9b1a85bce047782017e4fa27e8851ebbc1b6c0167e100964e9c422d8"
        },
        "pipfile-spec": 6,
        "requires": {
            "python_version": "3.7"
        },
        "sources": [
            {
                "name": "pypi",
                "url": "https://pypi.org/simple",
                "verify_ssl": true
            }
        ]
    },
    "default": {
        "click": {
            "hashes": [
                "sha256:2335065e6395b9e67ca716de5f7526736bfa6ceead690adf616d925bdc622b13",
                "sha256:5b94b49521f6456670fdb30cd82a4eca9412788a93fa6dd6df72c94d5a8ff2d7"
            ],
            "index": "pypi",
            "version": "==7.0"
        },
        "future": {
            "hashes": [
                "sha256:67045236dcfd6816dc439556d009594abf643e5eb48992e36beac09c2ca659b8"
            ],
            "version": "==0.17.1"
        },
        "mod-pbxproj": {
            "hashes": [
                "sha256:82de22cad6a4eceb97ae00dc4ffa402a514af964818d3c45d57d84e0fbb3b3c4"
            ],
            "index": "pypi",
            "version": "==1.3.1"
        },
        "openstep-parser": {
            "hashes": [
                "sha256:0283feccc5222c82519a8c523d771916b4ae8968e5c050d4619d520098b482ee"
            ],
            "version": "==1.3.1"
        },
        "pyyaml": {
            "hashes": [
                "sha256:544a0050e76e9b60751c58617fa28c253ad5d23af2e5f0b1c250390bf90bb0df",
                "sha256:594bf80477a58b6fd53e8b3f24ccf965c25eeeb6e05e4b1fb18c82c2d2090603",
                "sha256:75e20ca689d0a2bf0c84f0e2028cc68ebef34b213fa66d73c410c53f870c49f4",
                "sha256:994da68a1dc1050f290f8017f044172360b608c0f2562b47645ecc69d7a61c0a",
                "sha256:ad902e00088c50bdced94a57b819c24fdadaeaed5494df7a9a67d63774f210fd",
                "sha256:b11aff75875ffc73541c4e4b1ac2f5e21717c1fc4396238943b9a44d962e74e1",
                "sha256:bc733b5a9047c3e4848c0e80eeacfa6a799139242606410260c5450d665ea58c",
                "sha256:d960c68931b96bb215f385baa8ef867b8ebac66af60fa06cc1008f963848c7ad",
                "sha256:dd461c04e6a91e4eef7d5b75c1fc1c7013d3f8d354033b16526baadddd524079",
                "sha256:e4d6b5d6218a06f3141189d75c93876dd525a6d15f1b00ef4f274726c93719f1",
                "sha256:f3c386fa12415bde8a0162745c4badf98fe171c6dfd67e54831f05ec88feeebb"
            ],
            "index": "pypi",
            "version": "==5.1b5"
        }
    },
    "develop": {
        "colorama": {
            "hashes": [
                "sha256:05eed71e2e327246ad6b38c540c4a3117230b19679b875190486ddd2d721422d",
                "sha256:f8ac84de7840f5b9c4e3347b3c1eaa50f7e49c2b07596221daec5edaabbd7c48"
            ],
            "version": "==0.4.1"
        },
        "coverage": {
            "hashes": [
                "sha256:b38ea741ab9e35bfa7015c93c93bbd6a1623428f97a67083fc8ebd366238b91f"
            ],
            "version": "==5.0a4"
        },
        "green": {
            "hashes": [
                "sha256:ea6e2699a2e58df834d2c845fb2b076c12d4835daecfcb658c6bd5583ebf4b7d"
            ],
            "index": "pypi",
            "version": "==2.13.1"
        },
        "unidecode": {
            "hashes": [
                "sha256:092cdf7ad9d1052c50313426a625b717dab52f7ac58f859e09ea020953b1ad8f",
                "sha256:8b85354be8fd0c0e10adbf0675f6dc2310e56fda43fa8fe049123b6c475e52fb"
            ],
            "version": "==1.0.23"
        }
    }
}
